
Microsoft Visual Studio Solution File, Format Version 12.00
# Visual Studio Version 16
VisualStudioVersion = 16.0.31205.134
MinimumVisualStudioVersion = 10.0.40219.1
Project("{FAE04EC0-301F-11D3-BF4B-00C04F79EFBC}") = "pair", "pair\pair.csproj", "{C148A883-08F9-4660-B704-48AF46FB8EE8}"
EndProject
Project("{FAE04EC0-301F-11D3-BF4B-00C04F79EFBC}") = "PairTest", "PairTest\PairTest.csproj", "{BC5BE9F8-CD5C-45F5-87FD-C4AEBF791589}"
EndProject
Project("{FAE04EC0-301F-11D3-BF4B-00C04F79EFBC}") = "math", "math\math.csproj", "{1D7A5D5A-BBFD-4620-BC88-4D0F3141C05A}"
EndProject
Global
	GlobalSection(SolutionConfigurationPlatforms) = preSolution
		Debug|Any CPU = Debug|Any CPU
		Release|Any CPU = Release|Any CPU
	EndGlobalSection
	GlobalSection(ProjectConfigurationPlatforms) = postSolution
		{C148A883-08F9-4660-B704-48AF46FB8EE8}.Debug|Any CPU.ActiveCfg = Debug|Any CPU
		{C148A883-08F9-4660-B704-48AF46FB8EE8}.Debug|Any CPU.Build.0 = Debug|Any CPU
		{C148A883-08F9-4660-B704-48AF46FB8EE8}.Release|Any CPU.ActiveCfg = Release|Any CPU
		{C148A883-08F9-4660-B704-48AF46FB8EE8}.Release|Any CPU.Build.0 = Release|Any CPU
		{BC5BE9F8-CD5C-45F5-87FD-C4AEBF791589}.Debug|Any CPU.ActiveCfg = Debug|Any CPU
		{BC5BE9F8-CD5C-45F5-87FD-C4AEBF791589}.Debug|Any CPU.Build.0 = Debug|Any CPU
		{BC5BE9F8-CD5C-45F5-87FD-C4AEBF791589}.Release|Any CPU.ActiveCfg = Release|Any CPU
		{BC5BE9F8-CD5C-45F5-87FD-C4AEBF791589}.Release|Any CPU.Build.0 = Release|Any CPU
		{1D7A5D5A-BBFD-4620-BC88-4D0F3141C05A}.Debug|Any CPU.ActiveCfg = Debug|Any CPU
		{1D7A5D5A-BBFD-4620-BC88-4D0F3141C05A}.Debug|Any CPU.Build.0 = Debug|Any CPU
		{1D7A5D5A-BBFD-4620-BC88-4D0F3141C05A}.Release|Any CPU.ActiveCfg = Release|Any CPU
		{1D7A5D5A-BBFD-4620-BC88-4D0F3141C05A}.Release|Any CPU.Build.0 = Release|Any CPU
	EndGlobalSection
	GlobalSection(SolutionProperties) = preSolution
		HideSolutionNode = FALSE
	EndGlobalSection
	GlobalSection(ExtensibilityGlobals) = postSolution
		SolutionGuid = {50FE16A9-7471-444A-90AE-ADB480DB9E85}
	EndGlobalSection
EndGlobal
