
Microsoft Visual Studio Solution File, Format Version 12.00
# Visual Studio Version 16
VisualStudioVersion = 16.0.30309.148
MinimumVisualStudioVersion = 10.0.40219.1
Project("{FAE04EC0-301F-11D3-BF4B-00C04F79EFBC}") = "DemoJSON", "DemoJSON\DemoJSON.csproj", "{F1DC0A77-7E4A-4DED-8D6D-D3E2CBB70D8D}"
EndProject
Global
	GlobalSection(SolutionConfigurationPlatforms) = preSolution
		Debug|Any CPU = Debug|Any CPU
		Release|Any CPU = Release|Any CPU
	EndGlobalSection
	GlobalSection(ProjectConfigurationPlatforms) = postSolution
		{F1DC0A77-7E4A-4DED-8D6D-D3E2CBB70D8D}.Debug|Any CPU.ActiveCfg = Debug|Any CPU
		{F1DC0A77-7E4A-4DED-8D6D-D3E2CBB70D8D}.Debug|Any CPU.Build.0 = Debug|Any CPU
		{F1DC0A77-7E4A-4DED-8D6D-D3E2CBB70D8D}.Release|Any CPU.ActiveCfg = Release|Any CPU
		{F1DC0A77-7E4A-4DED-8D6D-D3E2CBB70D8D}.Release|Any CPU.Build.0 = Release|Any CPU
	EndGlobalSection
	GlobalSection(SolutionProperties) = preSolution
		HideSolutionNode = FALSE
	EndGlobalSection
	GlobalSection(ExtensibilityGlobals) = postSolution
		SolutionGuid = {557B23A9-BA25-4A2E-B816-8343B1942E2B}
	EndGlobalSection
EndGlobal
