
Microsoft Visual Studio Solution File, Format Version 12.00
# Visual Studio Version 16
VisualStudioVersion = 16.0.31205.134
MinimumVisualStudioVersion = 10.0.40219.1
Project("{FAE04EC0-301F-11D3-BF4B-00C04F79EFBC}") = "FruitBasket_Final", "FruitBasket_Final\FruitBasket_Final.csproj", "{A19A4ABE-1C92-429E-A045-ED030E4AF94B}"
EndProject
Global
	GlobalSection(SolutionConfigurationPlatforms) = preSolution
		Debug|Any CPU = Debug|Any CPU
		Release|Any CPU = Release|Any CPU
	EndGlobalSection
	GlobalSection(ProjectConfigurationPlatforms) = postSolution
		{A19A4ABE-1C92-429E-A045-ED030E4AF94B}.Debug|Any CPU.ActiveCfg = Debug|Any CPU
		{A19A4ABE-1C92-429E-A045-ED030E4AF94B}.Debug|Any CPU.Build.0 = Debug|Any CPU
		{A19A4ABE-1C92-429E-A045-ED030E4AF94B}.Release|Any CPU.ActiveCfg = Release|Any CPU
		{A19A4ABE-1C92-429E-A045-ED030E4AF94B}.Release|Any CPU.Build.0 = Release|Any CPU
	EndGlobalSection
	GlobalSection(SolutionProperties) = preSolution
		HideSolutionNode = FALSE
	EndGlobalSection
	GlobalSection(ExtensibilityGlobals) = postSolution
		SolutionGuid = {1EF8E59F-8810-4120-84FE-05E7B3087AED}
	EndGlobalSection
EndGlobal
